
Microsoft Visual Studio Solution File, Format Version 12.00
# Visual Studio 15
VisualStudioVersion = 15.0.26730.16
MinimumVisualStudioVersion = 10.0.40219.1
Project("{FAE04EC0-301F-11D3-BF4B-00C04F79EFBC}") = "CloudDelivery", "CloudDelivery\CloudDelivery.csproj", "{CDDD50F7-8E34-4826-AAE2-0010558F6498}"
EndProject
Project("{FAE04EC0-301F-11D3-BF4B-00C04F79EFBC}") = "CloudDelivery.Tests", "CloudDelivery.Tests\CloudDelivery.Tests.csproj", "{3402E4DA-77CC-47E4-AB1B-2B2F74F93316}"
EndProject
Project("{FAE04EC0-301F-11D3-BF4B-00C04F79EFBC}") = "CloudDelivery.Data", "CloudDelivery.Data\CloudDelivery.Data.csproj", "{96E7FE9F-3F6E-4F98-92EE-991CB704E4DD}"
EndProject
Global
	GlobalSection(SolutionConfigurationPlatforms) = preSolution
		Debug|Any CPU = Debug|Any CPU
		Release|Any CPU = Release|Any CPU
	EndGlobalSection
	GlobalSection(ProjectConfigurationPlatforms) = postSolution
		{CDDD50F7-8E34-4826-AAE2-0010558F6498}.Debug|Any CPU.ActiveCfg = Debug|Any CPU
		{CDDD50F7-8E34-4826-AAE2-0010558F6498}.Debug|Any CPU.Build.0 = Debug|Any CPU
		{CDDD50F7-8E34-4826-AAE2-0010558F6498}.Release|Any CPU.ActiveCfg = Release|Any CPU
		{CDDD50F7-8E34-4826-AAE2-0010558F6498}.Release|Any CPU.Build.0 = Release|Any CPU
		{3402E4DA-77CC-47E4-AB1B-2B2F74F93316}.Debug|Any CPU.ActiveCfg = Debug|Any CPU
		{3402E4DA-77CC-47E4-AB1B-2B2F74F93316}.Debug|Any CPU.Build.0 = Debug|Any CPU
		{3402E4DA-77CC-47E4-AB1B-2B2F74F93316}.Release|Any CPU.ActiveCfg = Release|Any CPU
		{3402E4DA-77CC-47E4-AB1B-2B2F74F93316}.Release|Any CPU.Build.0 = Release|Any CPU
		{96E7FE9F-3F6E-4F98-92EE-991CB704E4DD}.Debug|Any CPU.ActiveCfg = Debug|Any CPU
		{96E7FE9F-3F6E-4F98-92EE-991CB704E4DD}.Debug|Any CPU.Build.0 = Debug|Any CPU
		{96E7FE9F-3F6E-4F98-92EE-991CB704E4DD}.Release|Any CPU.ActiveCfg = Release|Any CPU
		{96E7FE9F-3F6E-4F98-92EE-991CB704E4DD}.Release|Any CPU.Build.0 = Release|Any CPU
	EndGlobalSection
	GlobalSection(SolutionProperties) = preSolution
		HideSolutionNode = FALSE
	EndGlobalSection
	GlobalSection(ExtensibilityGlobals) = postSolution
		SolutionGuid = {30545412-B6C8-48BA-87CE-D836E7CA97C0}
	EndGlobalSection
EndGlobal
